
Microsoft Visual Studio Solution File, Format Version 12.00
# Visual Studio 15
VisualStudioVersion = 15.0.28307.168
MinimumVisualStudioVersion = 10.0.40219.1
Project("{FAE04EC0-301F-11D3-BF4B-00C04F79EFBC}") = "EntityFrem", "EntityFrem\EntityFrem.csproj", "{41B43606-D081-4EC4-A44E-167B63C5E927}"
EndProject
Global
	GlobalSection(SolutionConfigurationPlatforms) = preSolution
		Debug|Any CPU = Debug|Any CPU
		Release|Any CPU = Release|Any CPU
	EndGlobalSection
	GlobalSection(ProjectConfigurationPlatforms) = postSolution
		{41B43606-D081-4EC4-A44E-167B63C5E927}.Debug|Any CPU.ActiveCfg = Debug|Any CPU
		{41B43606-D081-4EC4-A44E-167B63C5E927}.Debug|Any CPU.Build.0 = Debug|Any CPU
		{41B43606-D081-4EC4-A44E-167B63C5E927}.Release|Any CPU.ActiveCfg = Release|Any CPU
		{41B43606-D081-4EC4-A44E-167B63C5E927}.Release|Any CPU.Build.0 = Release|Any CPU
	EndGlobalSection
	GlobalSection(SolutionProperties) = preSolution
		HideSolutionNode = FALSE
	EndGlobalSection
	GlobalSection(ExtensibilityGlobals) = postSolution
		SolutionGuid = {E7B4E4CC-67F8-4A7D-A61A-82646FC66EC6}
	EndGlobalSection
EndGlobal
